lockfileVersion: '6.0'

settings:
  autoInstallPeers: true
  excludeLinksFromLockfile: false

dependencies:
  antd:
    specifier: ^5.14.1
    version: 5.14.1(react-dom@18.2.0)(react@18.2.0)
  lodash-es:
    specifier: ^4.17.21
    version: 4.17.21
  react:
    specifier: ^18.2.0
    version: 18.2.0

devDependencies:
  '@types/lodash-es':
    specifier: ^4.17.12
    version: 4.17.12
  '@types/react':
    specifier: ^18.2.57
    version: 18.2.57
  rimraf:
    specifier: ^5.0.5
    version: 5.0.5
  typescript:
    specifier: ^5.3.3
    version: 5.3.3

packages:

  /@ant-design/colors@7.0.2:
    resolution: {integrity: sha512-7KJkhTiPiLHSu+LmMJnehfJ6242OCxSlR3xHVBecYxnMW8MS/878NXct1GqYARyL59fyeFdKRxXTfvR9SnDgJg==}
    dependencies:
      '@ctrl/tinycolor': 3.6.1
    dev: false

  /@ant-design/cssinjs@1.18.4(react-dom@18.2.0)(react@18.2.0):
    resolution: {integrity: sha512-IrUAOj5TYuMG556C9gdbFuOrigyhzhU5ZYpWb3gYTxAwymVqRbvLzFCZg6OsjLBR6GhzcxYF3AhxKmjB+rA2xA==}
    peerDependencies:
      react: '>=16.0.0'
      react-dom: '>=16.0.0'
    dependencies:
      '@babel/runtime': 7.23.9
      '@emotion/hash': 0.8.0
      '@emotion/unitless': 0.7.5
      classnames: 2.5.1
      csstype: 3.1.3
      rc-util: 5.38.2(react-dom@18.2.0)(react@18.2.0)
      react: 18.2.0
      react-dom: 18.2.0(react@18.2.0)
      stylis: 4.3.1
    dev: false

  /@ant-design/icons-svg@4.4.2:
    resolution: {integrity: sha512-vHbT+zJEVzllwP+CM+ul7reTEfBR0vgxFe7+lREAsAA7YGsYpboiq2sQNeQeRvh09GfQgs/GyFEvZpJ9cLXpXA==}
    dev: false

  /@ant-design/icons@5.3.0(react-dom@18.2.0)(react@18.2.0):
    resolution: {integrity: sha512-69FgBsIkeCjw72ZU3fJpqjhmLCPrzKGEllbrAZK7MUdt1BrKsyG6A8YDCBPKea27UQ0tRXi33PcjR4tp/tEXMg==}
    engines: {node: '>=8'}
    peerDependencies:
      react: '>=16.0.0'
      react-dom: '>=16.0.0'
    dependencies:
      '@ant-design/colors': 7.0.2
      '@ant-design/icons-svg': 4.4.2
      '@babel/runtime': 7.23.9
      classnames: 2.5.1
      rc-util: 5.38.2(react-dom@18.2.0)(react@18.2.0)
      react: 18.2.0
      react-dom: 18.2.0(react@18.2.0)
    dev: false

  /@ant-design/react-slick@1.0.2(react@18.2.0):
    resolution: {integrity: sha512-Wj8onxL/T8KQLFFiCA4t8eIRGpRR+UPgOdac2sYzonv+i0n3kXHmvHLLiOYL655DQx2Umii9Y9nNgL7ssu5haQ==}
    peerDependencies:
      react: '>=16.9.0'
    dependencies:
      '@babel/runtime': 7.23.9
      classnames: 2.5.1
      json2mq: 0.2.0
      react: 18.2.0
      resize-observer-polyfill: 1.5.1
      throttle-debounce: 5.0.0
    dev: false

  /@babel/runtime@7.23.9:
    resolution: {integrity: sha512-0CX6F+BI2s9dkUqr08KFrAIZgNFj75rdBU/DjCyYLIaV/quFjkk6T+EJ2LkZHyZTbEV4L5p97mNkUsHl2wLFAw==}
    engines: {node: '>=6.9.0'}
    dependencies:
      regenerator-runtime: 0.14.1
    dev: false

  /@ctrl/tinycolor@3.6.1:
    resolution: {integrity: sha512-SITSV6aIXsuVNV3f3O0f2n/cgyEDWoSqtZMYiAmcsYHydcKrOz3gUxB/iXd/Qf08+IZX4KpgNbvUdMBmWz+kcA==}
    engines: {node: '>=10'}
    dev: false

  /@emotion/hash@0.8.0:
    resolution: {integrity: sha512-kBJtf7PH6aWwZ6fka3zQ0p6SBYzx4fl1LoZXE2RrnYST9Xljm7WfKJrU4g/Xr3Beg72MLrp1AWNUmuYJTL7Cow==}
    dev: false

  /@emotion/unitless@0.7.5:
    resolution: {integrity: sha512-OWORNpfjMsSSUBVrRBVGECkhWcULOAJz9ZW8uK9qgxD+87M7jHRcvh/A96XXNhXTLmKcoYSQtBEX7lHMO7YRwg==}
    dev: false

  /@isaacs/cliui@8.0.2:
    resolution: {integrity: sha512-O8jcjabXaleOG9DQ0+ARXWZBTfnP4WNAqzuiJK7ll44AmxGKv/J2M4TPjxjY3znBCfvBXFzucm1twdyFybFqEA==}
    engines: {node: '>=12'}
    dependencies:
      string-width: 5.1.2
      string-width-cjs: /string-width@4.2.3
      strip-ansi: 7.1.0
      strip-ansi-cjs: /strip-ansi@6.0.1
      wrap-ansi: 8.1.0
      wrap-ansi-cjs: /wrap-ansi@7.0.0
    dev: true

  /@pkgjs/parseargs@0.11.0:
    resolution: {integrity: sha512-+1VkjdD0QBLPodGrJUeqarH8VAIvQODIbwh9XpP5Syisf7YoQgsJKPNFoqqLQlu+VQ/tVSshMR6loPMn8U+dPg==}
    engines: {node: '>=14'}
    requiresBuild: true
    dev: true
    optional: true

  /@rc-component/color-picker@1.5.2(react-dom@18.2.0)(react@18.2.0):
    resolution: {integrity: sha512-YJXujYzYFAEtlXJXy0yJUhwzUWPTcniBZto+wZ/vnACmFnUTNR7dH+NOeqSwMMsssh74e9H5Jfpr5LAH2PYqUw==}
    peerDependencies:
      react: '>=16.9.0'
      react-dom: '>=16.9.0'
    dependencies:
      '@babel/runtime': 7.23.9
      '@ctrl/tinycolor': 3.6.1
      classnames: 2.5.1
      rc-util: 5.38.2(react-dom@18.2.0)(react@18.2.0)
      react: 18.2.0
      react-dom: 18.2.0(react@18.2.0)
    dev: false

  /@rc-component/context@1.4.0(react-dom@18.2.0)(react@18.2.0):
    resolution: {integrity: sha512-kFcNxg9oLRMoL3qki0OMxK+7g5mypjgaaJp/pkOis/6rVxma9nJBF/8kCIuTYHUQNr0ii7MxqE33wirPZLJQ2w==}
    peerDependencies:
      react: '>=16.9.0'
      react-dom: '>=16.9.0'
    dependencies:
      '@babel/runtime': 7.23.9
      rc-util: 5.38.2(react-dom@18.2.0)(react@18.2.0)
      react: 18.2.0
      react-dom: 18.2.0(react@18.2.0)
    dev: false

  /@rc-component/mini-decimal@1.1.0:
    resolution: {integrity: sha512-jS4E7T9Li2GuYwI6PyiVXmxTiM6b07rlD9Ge8uGZSCz3WlzcG5ZK7g5bbuKNeZ9pgUuPK/5guV781ujdVpm4HQ==}
    engines: {node: '>=8.x'}
    dependencies:
      '@babel/runtime': 7.23.9
    dev: false

  /@rc-component/mutate-observer@1.1.0(react-dom@18.2.0)(react@18.2.0):
    resolution: {integrity: sha512-QjrOsDXQusNwGZPf4/qRQasg7UFEj06XiCJ8iuiq/Io7CrHrgVi6Uuetw60WAMG1799v+aM8kyc+1L/GBbHSlw==}
    engines: {node: '>=8.x'}
    peerDependencies:
      react: '>=16.9.0'
      react-dom: '>=16.9.0'
    dependencies:
      '@babel/runtime': 7.23.9
      classnames: 2.5.1
      rc-util: 5.38.2(react-dom@18.2.0)(react@18.2.0)
      react: 18.2.0
      react-dom: 18.2.0(react@18.2.0)
    dev: false

  /@rc-component/portal@1.1.2(react-dom@18.2.0)(react@18.2.0):
    resolution: {integrity: sha512-6f813C0IsasTZms08kfA8kPAGxbbkYToa8ALaiDIGGECU4i9hj8Plgbx0sNJDrey3EtHO30hmdaxtT0138xZcg==}
    engines: {node: '>=8.x'}
    peerDependencies:
      react: '>=16.9.0'
      react-dom: '>=16.9.0'
    dependencies:
      '@babel/runtime': 7.23.9
      classnames: 2.5.1
      rc-util: 5.38.2(react-dom@18.2.0)(react@18.2.0)
      react: 18.2.0
      react-dom: 18.2.0(react@18.2.0)
    dev: false

  /@rc-component/tour@1.12.3(react-dom@18.2.0)(react@18.2.0):
    resolution: {integrity: sha512-U4mf1FiUxGCwrX4ed8op77Y8VKur+8Y/61ylxtqGbcSoh1EBC7bWd/DkLu0ClTUrKZInqEi1FL7YgFtnT90vHA==}
    engines: {node: '>=8.x'}
    peerDependencies:
      react: '>=16.9.0'
      react-dom: '>=16.9.0'
    dependencies:
      '@babel/runtime': 7.23.9
      '@rc-component/portal': 1.1.2(react-dom@18.2.0)(react@18.2.0)
      '@rc-component/trigger': 1.18.3(react-dom@18.2.0)(react@18.2.0)
      classnames: 2.5.1
      rc-util: 5.38.2(react-dom@18.2.0)(react@18.2.0)
      react: 18.2.0
      react-dom: 18.2.0(react@18.2.0)
    dev: false

  /@rc-component/trigger@1.18.3(react-dom@18.2.0)(react@18.2.0):
    resolution: {integrity: sha512-Ksr25pXreYe1gX6ayZ1jLrOrl9OAUHUqnuhEx6MeHnNa1zVM5Y2Aj3Q35UrER0ns8D2cJYtmJtVli+i+4eKrvA==}
    engines: {node: '>=8.x'}
    peerDependencies:
      react: '>=16.9.0'
      react-dom: '>=16.9.0'
    dependencies:
      '@babel/runtime': 7.23.9
      '@rc-component/portal': 1.1.2(react-dom@18.2.0)(react@18.2.0)
      classnames: 2.5.1
      rc-motion: 2.9.0(react-dom@18.2.0)(react@18.2.0)
      rc-resize-observer: 1.4.0(react-dom@18.2.0)(react@18.2.0)
      rc-util: 5.38.2(react-dom@18.2.0)(react@18.2.0)
      react: 18.2.0
      react-dom: 18.2.0(react@18.2.0)
    dev: false

  /@types/lodash-es@4.17.12:
    resolution: {integrity: sha512-0NgftHUcV4v34VhXm8QBSftKVXtbkBG3ViCjs6+eJ5a6y6Mi/jiFGPc1sC7QK+9BFhWrURE3EOggmWaSxL9OzQ==}
    dependencies:
      '@types/lodash': 4.14.202
    dev: true

  /@types/lodash@4.14.202:
    resolution: {integrity: sha512-OvlIYQK9tNneDlS0VN54LLd5uiPCBOp7gS5Z0f1mjoJYBrtStzgmJBxONW3U6OZqdtNzZPmn9BS/7WI7BFFcFQ==}
    dev: true

  /@types/prop-types@15.7.11:
    resolution: {integrity: sha512-ga8y9v9uyeiLdpKddhxYQkxNDrfvuPrlFb0N1qnZZByvcElJaXthF1UhvCh9TLWJBEHeNtdnbysW7Y6Uq8CVng==}
    dev: true

  /@types/react@18.2.57:
    resolution: {integrity: sha512-ZvQsktJgSYrQiMirAN60y4O/LRevIV8hUzSOSNB6gfR3/o3wCBFQx3sPwIYtuDMeiVgsSS3UzCV26tEzgnfvQw==}
    dependencies:
      '@types/prop-types': 15.7.11
      '@types/scheduler': 0.16.8
      csstype: 3.1.3
    dev: true

  /@types/scheduler@0.16.8:
    resolution: {integrity: sha512-WZLiwShhwLRmeV6zH+GkbOFT6Z6VklCItrDioxUnv+u4Ll+8vKeFySoFyK/0ctcRpOmwAicELfmys1sDc/Rw+A==}
    dev: true

  /ansi-regex@5.0.1:
    resolution: {integrity: sha512-quJQXlTSUGL2LH9SUXo8VwsY4soanhgo6LNSm84E1LBcE8s3O0wpdiRzyR9z/ZZJMlMWv37qOOb9pdJlMUEKFQ==}
    engines: {node: '>=8'}
    dev: true

  /ansi-regex@6.0.1:
    resolution: {integrity: sha512-n5M855fKb2SsfMIiFFoVrABHJC8QtHwVx+mHWP3QcEqBHYienj5dHSgjbxtC0WEZXYt4wcD6zrQElDPhFuZgfA==}
    engines: {node: '>=12'}
    dev: true

  /ansi-styles@4.3.0:
    resolution: {integrity: sha512-zbB9rCJAT1rbjiVDb2hqKFHNYLxgtk8NURxZ3IZwD3F6NtxbXZQCnnSi1Lkx+IDohdPlFp222wVALIheZJQSEg==}
    engines: {node: '>=8'}
    dependencies:
      color-convert: 2.0.1
    dev: true

  /ansi-styles@6.2.1:
    resolution: {integrity: sha512-bN798gFfQX+viw3R7yrGWRqnrN2oRkEkUjjl4JNn4E8GxxbjtG3FbrEIIY3l8/hrwUwIeCZvi4QuOTP4MErVug==}
    engines: {node: '>=12'}
    dev: true

  /antd@5.14.1(react-dom@18.2.0)(react@18.2.0):
    resolution: {integrity: sha512-P0Bwt9NKSZqnEJ0QAyAb13ay34FjOKsz+KEp/ts+feYsynhUxF7/Ay6d1jS6ZcNpcs+JWTlLKO59YFZ3tX07wQ==}
    peerDependencies:
      react: '>=16.9.0'
      react-dom: '>=16.9.0'
    dependencies:
      '@ant-design/colors': 7.0.2
      '@ant-design/cssinjs': 1.18.4(react-dom@18.2.0)(react@18.2.0)
      '@ant-design/icons': 5.3.0(react-dom@18.2.0)(react@18.2.0)
      '@ant-design/react-slick': 1.0.2(react@18.2.0)
      '@ctrl/tinycolor': 3.6.1
      '@rc-component/color-picker': 1.5.2(react-dom@18.2.0)(react@18.2.0)
      '@rc-component/mutate-observer': 1.1.0(react-dom@18.2.0)(react@18.2.0)
      '@rc-component/tour': 1.12.3(react-dom@18.2.0)(react@18.2.0)
      '@rc-component/trigger': 1.18.3(react-dom@18.2.0)(react@18.2.0)
      classnames: 2.5.1
      copy-to-clipboard: 3.3.3
      dayjs: 1.11.10
      qrcode.react: 3.1.0(react@18.2.0)
      rc-cascader: 3.21.2(react-dom@18.2.0)(react@18.2.0)
      rc-checkbox: 3.1.0(react-dom@18.2.0)(react@18.2.0)
      rc-collapse: 3.7.2(react-dom@18.2.0)(react@18.2.0)
      rc-dialog: 9.3.4(react-dom@18.2.0)(react@18.2.0)
      rc-drawer: 7.0.0(react-dom@18.2.0)(react@18.2.0)
      rc-dropdown: 4.1.0(react-dom@18.2.0)(react@18.2.0)
      rc-field-form: 1.41.0(react-dom@18.2.0)(react@18.2.0)
      rc-image: 7.5.1(react-dom@18.2.0)(react@18.2.0)
      rc-input: 1.4.3(react-dom@18.2.0)(react@18.2.0)
      rc-input-number: 9.0.0(react-dom@18.2.0)(react@18.2.0)
      rc-mentions: 2.10.1(react-dom@18.2.0)(react@18.2.0)
      rc-menu: 9.12.4(react-dom@18.2.0)(react@18.2.0)
      rc-motion: 2.9.0(react-dom@18.2.0)(react@18.2.0)
      rc-notification: 5.3.0(react-dom@18.2.0)(react@18.2.0)
      rc-pagination: 4.0.4(react-dom@18.2.0)(react@18.2.0)
      rc-picker: 4.1.1(dayjs@1.11.10)(react-dom@18.2.0)(react@18.2.0)
      rc-progress: 3.5.1(react-dom@18.2.0)(react@18.2.0)
      rc-rate: 2.12.0(react-dom@18.2.0)(react@18.2.0)
      rc-resize-observer: 1.4.0(react-dom@18.2.0)(react@18.2.0)
      rc-segmented: 2.3.0(react-dom@18.2.0)(react@18.2.0)
      rc-select: 14.11.0(react-dom@18.2.0)(react@18.2.0)
      rc-slider: 10.5.0(react-dom@18.2.0)(react@18.2.0)
      rc-steps: 6.0.1(react-dom@18.2.0)(react@18.2.0)
      rc-switch: 4.1.0(react-dom@18.2.0)(react@18.2.0)
      rc-table: 7.39.0(react-dom@18.2.0)(react@18.2.0)
      rc-tabs: 14.0.0(react-dom@18.2.0)(react@18.2.0)
      rc-textarea: 1.6.3(react-dom@18.2.0)(react@18.2.0)
      rc-tooltip: 6.1.3(react-dom@18.2.0)(react@18.2.0)
      rc-tree: 5.8.5(react-dom@18.2.0)(react@18.2.0)
      rc-tree-select: 5.17.0(react-dom@18.2.0)(react@18.2.0)
      rc-upload: 4.5.2(react-dom@18.2.0)(react@18.2.0)
      rc-util: 5.38.2(react-dom@18.2.0)(react@18.2.0)
      react: 18.2.0
      react-dom: 18.2.0(react@18.2.0)
      scroll-into-view-if-needed: 3.1.0
      throttle-debounce: 5.0.0
    transitivePeerDependencies:
      - date-fns
      - luxon
      - moment
    dev: false

  /array-tree-filter@2.1.0:
    resolution: {integrity: sha512-4ROwICNlNw/Hqa9v+rk5h22KjmzB1JGTMVKP2AKJBOCgb0yL0ASf0+YvCcLNNwquOHNX48jkeZIJ3a+oOQqKcw==}
    dev: false

  /async-validator@4.2.5:
    resolution: {integrity: sha512-7HhHjtERjqlNbZtqNqy2rckN/SpOOlmDliet+lP7k+eKZEjPk3DgyeU9lIXLdeLz0uBbbVp+9Qdow9wJWgwwfg==}
    dev: false

  /balanced-match@1.0.2:
    resolution: {integrity: sha512-3oSeUO0TMV67hN1AmbXsK4yaqU7tjiHlbxRDZOpH0KW9+CeX4bRAaX0Anxt0tx2MrpRpWwQaPwIlISEJhYU5Pw==}
    dev: true

  /brace-expansion@2.0.1:
    resolution: {integrity: sha512-XnAIvQ8eM+kC6aULx6wuQiwVsnzsi9d3WxzV3FpWTGA19F621kwdbsAcFKXgKUHZWsy+mY6iL1sHTxWEFCytDA==}
    dependencies:
      balanced-match: 1.0.2
    dev: true

  /classnames@2.5.1:
    resolution: {integrity: sha512-saHYOzhIQs6wy2sVxTM6bUDsQO4F50V9RQ22qBpEdCW+I+/Wmke2HOl6lS6dTpdxVhb88/I6+Hs+438c3lfUow==}
    dev: false

  /color-convert@2.0.1:
    resolution: {integrity: sha512-RRECPsj7iu/xb5oKYcsFHSppFNnsj/52OVTRKb4zP5onXwVF3zVmmToNcOfGC+CRDpfK/U584fMg38ZHCaElKQ==}
    engines: {node: '>=7.0.0'}
    dependencies:
      color-name: 1.1.4
    dev: true

  /color-name@1.1.4:
    resolution: {integrity: sha512-dOy+3AuW3a2wNbZHIuMZpTcgjGuLU/uBL/ubcZF9OXbDo8ff4O8yVp5Bf0efS8uEoYo5q4Fx7dY9OgQGXgAsQA==}
    dev: true

  /compute-scroll-into-view@3.1.0:
    resolution: {integrity: sha512-rj8l8pD4bJ1nx+dAkMhV1xB5RuZEyVysfxJqB1pRchh1KVvwOv9b7CGB8ZfjTImVv2oF+sYMUkMZq6Na5Ftmbg==}
    dev: false

  /copy-to-clipboard@3.3.3:
    resolution: {integrity: sha512-2KV8NhB5JqC3ky0r9PMCAZKbUHSwtEo4CwCs0KXgruG43gX5PMqDEBbVU4OUzw2MuAWUfsuFmWvEKG5QRfSnJA==}
    dependencies:
      toggle-selection: 1.0.6
    dev: false

  /cross-spawn@7.0.3:
    resolution: {integrity: sha512-iRDPJKUPVEND7dHPO8rkbOnPpyDygcDFtWjpeWNCgy8WP2rXcxXL8TskReQl6OrB2G7+UJrags1q15Fudc7G6w==}
    engines: {node: '>= 8'}
    dependencies:
      path-key: 3.1.1
      shebang-command: 2.0.0
      which: 2.0.2
    dev: true

  /csstype@3.1.3:
    resolution: {integrity: sha512-M1uQkMl8rQK/szD0LNhtqxIPLpimGm8sOBwU7lLnCpSbTyY3yeU1Vc7l4KT5zT4s/yOxHH5O7tIuuLOCnLADRw==}

  /dayjs@1.11.10:
    resolution: {integrity: sha512-vjAczensTgRcqDERK0SR2XMwsF/tSvnvlv6VcF2GIhg6Sx4yOIt/irsr1RDJsKiIyBzJDpCoXiWWq28MqH2cnQ==}
    dev: false

  /eastasianwidth@0.2.0:
    resolution: {integrity: sha512-I88TYZWc9XiYHRQ4/3c5rjjfgkjhLyW2luGIheGERbNQ6OY7yTybanSpDXZa8y7VUP9YmDcYa+eyq4ca7iLqWA==}
    dev: true

  /emoji-regex@8.0.0:
    resolution: {integrity: sha512-MSjYzcWNOA0ewAHpz0MxpYFvwg6yjy1NG3xteoqz644VCo/RPgnr1/GGt+ic3iJTzQ8Eu3TdM14SawnVUmGE6A==}
    dev: true

  /emoji-regex@9.2.2:
    resolution: {integrity: sha512-L18DaJsXSUk2+42pv8mLs5jJT2hqFkFE4j21wOmgbUqsZ2hL72NsUU785g9RXgo3s0ZNgVl42TiHp3ZtOv/Vyg==}
    dev: true

  /foreground-child@3.1.1:
    resolution: {integrity: sha512-TMKDUnIte6bfb5nWv7V/caI169OHgvwjb7V4WkeUvbQQdjr5rWKqHFiKWb/fcOwB+CzBT+qbWjvj+DVwRskpIg==}
    engines: {node: '>=14'}
    dependencies:
      cross-spawn: 7.0.3
      signal-exit: 4.1.0
    dev: true

  /glob@10.3.10:
    resolution: {integrity: sha512-fa46+tv1Ak0UPK1TOy/pZrIybNNt4HCv7SDzwyfiOZkvZLEbjsZkJBPtDHVshZjbecAoAGSC20MjLDG/qr679g==}
    engines: {node: '>=16 || 14 >=14.17'}
    hasBin: true
    dependencies:
      foreground-child: 3.1.1
      jackspeak: 2.3.6
      minimatch: 9.0.3
      minipass: 7.0.4
      path-scurry: 1.10.1
    dev: true

  /is-fullwidth-code-point@3.0.0:
    resolution: {integrity: sha512-zymm5+u+sCsSWyD9qNaejV3DFvhCKclKdizYaJUuHA83RLjb7nSuGnddCHGv0hk+KY7BMAlsWeK4Ueg6EV6XQg==}
    engines: {node: '>=8'}
    dev: true

  /isexe@2.0.0:
    resolution: {integrity: sha512-RHxMLp9lnKHGHRng9QFhRCMbYAcVpn69smSGcq3f36xjgVVWThj4qqLbTLlq7Ssj8B+fIQ1EuCEGI2lKsyQeIw==}
    dev: true

  /jackspeak@2.3.6:
    resolution: {integrity: sha512-N3yCS/NegsOBokc8GAdM8UcmfsKiSS8cipheD/nivzr700H+nsMOxJjQnvwOcRYVuFkdH0wGUvW2WbXGmrZGbQ==}
    engines: {node: '>=14'}
    dependencies:
      '@isaacs/cliui': 8.0.2
    optionalDependencies:
      '@pkgjs/parseargs': 0.11.0
    dev: true

  /js-tokens@4.0.0:
    resolution: {integrity: sha512-RdJUflcE3cUzKiMqQgsCu06FPu9UdIJO0beYbPhHN4k6apgJtifcoCtT9bcxOpYBtpD2kCM6Sbzg4CausW/PKQ==}
    dev: false

  /json2mq@0.2.0:
    resolution: {integrity: sha512-SzoRg7ux5DWTII9J2qkrZrqV1gt+rTaoufMxEzXbS26Uid0NwaJd123HcoB80TgubEppxxIGdNxCx50fEoEWQA==}
    dependencies:
      string-convert: 0.2.1
    dev: false

  /lodash-es@4.17.21:
    resolution: {integrity: sha512-mKnC+QJ9pWVzv+C4/U3rRsHapFfHvQFoFB92e52xeyGMcX6/OlIl78je1u8vePzYZSkkogMPJ2yjxxsb89cxyw==}
    dev: false

  /loose-envify@1.4.0:
    resolution: {integrity: sha512-lyuxPGr/Wfhrlem2CL/UcnUc1zcqKAImBDzukY7Y5F/yQiNdko6+fRLevlw1HgMySw7f611UIY408EtxRSoK3Q==}
    hasBin: true
    dependencies:
      js-tokens: 4.0.0
    dev: false

  /lru-cache@10.2.0:
    resolution: {integrity: sha512-2bIM8x+VAf6JT4bKAljS1qUWgMsqZRPGJS6FSahIMPVvctcNhyVp7AJu7quxOW9jwkryBReKZY5tY5JYv2n/7Q==}
    engines: {node: 14 || >=16.14}
    dev: true

  /minimatch@9.0.3:
    resolution: {integrity: sha512-RHiac9mvaRw0x3AYRgDC1CxAP7HTcNrrECeA8YYJeWnpo+2Q5CegtZjaotWTWxDG3UeGA1coE05iH1mPjT/2mg==}
    engines: {node: '>=16 || 14 >=14.17'}
    dependencies:
      brace-expansion: 2.0.1
    dev: true

  /minipass@7.0.4:
    resolution: {integrity: sha512-jYofLM5Dam9279rdkWzqHozUo4ybjdZmCsDHePy5V/PbBcVMiSZR97gmAy45aqi8CK1lG2ECd356FU86avfwUQ==}
    engines: {node: '>=16 || 14 >=14.17'}
    dev: true

  /path-key@3.1.1:
    resolution: {integrity: sha512-ojmeN0qd+y0jszEtoY48r0Peq5dwMEkIlCOu6Q5f41lfkswXuKtYrhgoTpLnyIcHm24Uhqx+5Tqm2InSwLhE6Q==}
    engines: {node: '>=8'}
    dev: true

  /path-scurry@1.10.1:
    resolution: {integrity: sha512-MkhCqzzBEpPvxxQ71Md0b1Kk51W01lrYvlMzSUaIzNsODdd7mqhiimSZlr+VegAz5Z6Vzt9Xg2ttE//XBhH3EQ==}
    engines: {node: '>=16 || 14 >=14.17'}
    dependencies:
      lru-cache: 10.2.0
      minipass: 7.0.4
    dev: true

  /qrcode.react@3.1.0(react@18.2.0):
    resolution: {integrity: sha512-oyF+Urr3oAMUG/OiOuONL3HXM+53wvuH3mtIWQrYmsXoAq0DkvZp2RYUWFSMFtbdOpuS++9v+WAkzNVkMlNW6Q==}
    peerDependencies:
      react: ^16.8.0 || ^17.0.0 || ^18.0.0
    dependencies:
      react: 18.2.0
    dev: false

  /rc-cascader@3.21.2(react-dom@18.2.0)(react@18.2.0):
    resolution: {integrity: sha512-J7GozpgsLaOtzfIHFJFuh4oFY0ePb1w10twqK6is3pAkqHkca/PsokbDr822KIRZ8/CK8CqevxohuPDVZ1RO/A==}
    peerDependencies:
      react: '>=16.9.0'
      react-dom: '>=16.9.0'
    dependencies:
      '@babel/runtime': 7.23.9
      array-tree-filter: 2.1.0
      classnames: 2.5.1
      rc-select: 14.11.0(react-dom@18.2.0)(react@18.2.0)
      rc-tree: 5.8.5(react-dom@18.2.0)(react@18.2.0)
      rc-util: 5.38.2(react-dom@18.2.0)(react@18.2.0)
      react: 18.2.0
      react-dom: 18.2.0(react@18.2.0)
    dev: false

  /rc-checkbox@3.1.0(react-dom@18.2.0)(react@18.2.0):
    resolution: {integrity: sha512-PAwpJFnBa3Ei+5pyqMMXdcKYKNBMS+TvSDiLdDnARnMJHC8ESxwPfm4Ao1gJiKtWLdmGfigascnCpwrHFgoOBQ==}
    peerDependencies:
      react: '>=16.9.0'
      react-dom: '>=16.9.0'
    dependencies:
      '@babel/runtime': 7.23.9
      classnames: 2.5.1
      rc-util: 5.38.2(react-dom@18.2.0)(react@18.2.0)
      react: 18.2.0
      react-dom: 18.2.0(react@18.2.0)
    dev: false

  /rc-collapse@3.7.2(react-dom@18.2.0)(react@18.2.0):
    resolution: {integrity: sha512-ZRw6ipDyOnfLFySxAiCMdbHtb5ePAsB9mT17PA6y1mRD/W6KHRaZeb5qK/X9xDV1CqgyxMpzw0VdS74PCcUk4A==}
    peerDependencies:
      react: '>=16.9.0'
      react-dom: '>=16.9.0'
    dependencies:
      '@babel/runtime': 7.23.9
      classnames: 2.5.1
      rc-motion: 2.9.0(react-dom@18.2.0)(react@18.2.0)
      rc-util: 5.38.2(react-dom@18.2.0)(react@18.2.0)
      react: 18.2.0
      react-dom: 18.2.0(react@18.2.0)
    dev: false

  /rc-dialog@9.3.4(react-dom@18.2.0)(react@18.2.0):
    resolution: {integrity: sha512-975X3018GhR+EjZFbxA2Z57SX5rnu0G0/OxFgMMvZK4/hQWEm3MHaNvP4wXpxYDoJsp+xUvVW+GB9CMMCm81jA==}
    peerDependencies:
      react: '>=16.9.0'
      react-dom: '>=16.9.0'
    dependencies:
      '@babel/runtime': 7.23.9
      '@rc-component/portal': 1.1.2(react-dom@18.2.0)(react@18.2.0)
      classnames: 2.5.1
      rc-motion: 2.9.0(react-dom@18.2.0)(react@18.2.0)
      rc-util: 5.38.2(react-dom@18.2.0)(react@18.2.0)
      react: 18.2.0
      react-dom: 18.2.0(react@18.2.0)
    dev: false

  /rc-drawer@7.0.0(react-dom@18.2.0)(react@18.2.0):
    resolution: {integrity: sha512-ePcS4KtQnn57bCbVXazHN2iC8nTPCXlWEIA/Pft87Pd9U7ZeDkdRzG47jWG2/TAFXFlFltRAMcslqmUM8NPCGA==}
    peerDependencies:
      react: '>=16.9.0'
      react-dom: '>=16.9.0'
    dependencies:
      '@babel/runtime': 7.23.9
      '@rc-component/portal': 1.1.2(react-dom@18.2.0)(react@18.2.0)
      classnames: 2.5.1
      rc-motion: 2.9.0(react-dom@18.2.0)(react@18.2.0)
      rc-util: 5.38.2(react-dom@18.2.0)(react@18.2.0)
      react: 18.2.0
      react-dom: 18.2.0(react@18.2.0)
    dev: false

  /rc-dropdown@4.1.0(react-dom@18.2.0)(react@18.2.0):
    resolution: {integrity: sha512-VZjMunpBdlVzYpEdJSaV7WM7O0jf8uyDjirxXLZRNZ+tAC+NzD3PXPEtliFwGzVwBBdCmGuSqiS9DWcOLxQ9tw==}
    peerDependencies:
      react: '>=16.11.0'
      react-dom: '>=16.11.0'
    dependencies:
      '@babel/runtime': 7.23.9
      '@rc-component/trigger': 1.18.3(react-dom@18.2.0)(react@18.2.0)
      classnames: 2.5.1
      rc-util: 5.38.2(react-dom@18.2.0)(react@18.2.0)
      react: 18.2.0
      react-dom: 18.2.0(react@18.2.0)
    dev: false

  /rc-field-form@1.41.0(react-dom@18.2.0)(react@18.2.0):
    resolution: {integrity: sha512-k9AS0wmxfJfusWDP/YXWTpteDNaQ4isJx9UKxx4/e8Dub4spFeZ54/EuN2sYrMRID/+hUznPgVZeg+Gf7XSYCw==}
    engines: {node: '>=8.x'}
    peerDependencies:
      react: '>=16.9.0'
      react-dom: '>=16.9.0'
    dependencies:
      '@babel/runtime': 7.23.9
      async-validator: 4.2.5
      rc-util: 5.38.2(react-dom@18.2.0)(react@18.2.0)
      react: 18.2.0
      react-dom: 18.2.0(react@18.2.0)
    dev: false

  /rc-image@7.5.1(react-dom@18.2.0)(react@18.2.0):
    resolution: {integrity: sha512-Z9loECh92SQp0nSipc0MBuf5+yVC05H/pzC+Nf8xw1BKDFUJzUeehYBjaWlxly8VGBZJcTHYri61Fz9ng1G3Ag==}
    peerDependencies:
      react: '>=16.9.0'
      react-dom: '>=16.9.0'
    dependencies:
      '@babel/runtime': 7.23.9
      '@rc-component/portal': 1.1.2(react-dom@18.2.0)(react@18.2.0)
      classnames: 2.5.1
      rc-dialog: 9.3.4(react-dom@18.2.0)(react@18.2.0)
      rc-motion: 2.9.0(react-dom@18.2.0)(react@18.2.0)
      rc-util: 5.38.2(react-dom@18.2.0)(react@18.2.0)
      react: 18.2.0
      react-dom: 18.2.0(react@18.2.0)
    dev: false

  /rc-input-number@9.0.0(react-dom@18.2.0)(react@18.2.0):
    resolution: {integrity: sha512-RfcDBDdWFFetouWFXBA+WPEC8LzBXyngr9b+yTLVIygfFu7HiLRGn/s/v9wwno94X7KFvnb28FNynMGj9XJlDQ==}
    peerDependencies:
      react: '>=16.9.0'
      react-dom: '>=16.9.0'
    dependencies:
      '@babel/runtime': 7.23.9
      '@rc-component/mini-decimal': 1.1.0
      classnames: 2.5.1
      rc-input: 1.4.3(react-dom@18.2.0)(react@18.2.0)
      rc-util: 5.38.2(react-dom@18.2.0)(react@18.2.0)
      react: 18.2.0
      react-dom: 18.2.0(react@18.2.0)
    dev: false

  /rc-input@1.4.3(react-dom@18.2.0)(react@18.2.0):
    resolution: {integrity: sha512-aHyQUAIRmTlOnvk5EcNqEpJ+XMtfMpYRAJayIlJfsvvH9cAKUWboh4egm23vgMA7E+c/qm4BZcnrDcA960GC1w==}
    peerDependencies:
      react: '>=16.0.0'
      react-dom: '>=16.0.0'
    dependencies:
      '@babel/runtime': 7.23.9
      classnames: 2.5.1
      rc-util: 5.38.2(react-dom@18.2.0)(react@18.2.0)
      react: 18.2.0
      react-dom: 18.2.0(react@18.2.0)
    dev: false

  /rc-mentions@2.10.1(react-dom@18.2.0)(react@18.2.0):
    resolution: {integrity: sha512-72qsEcr/7su+a07ndJ1j8rI9n0Ka/ngWOLYnWMMv0p2mi/5zPwPrEDTt6Uqpe8FWjWhueDJx/vzunL6IdKDYMg==}
    peerDependencies:
      react: '>=16.9.0'
      react-dom: '>=16.9.0'
    dependencies:
      '@babel/runtime': 7.23.9
      '@rc-component/trigger': 1.18.3(react-dom@18.2.0)(react@18.2.0)
      classnames: 2.5.1
      rc-input: 1.4.3(react-dom@18.2.0)(react@18.2.0)
      rc-menu: 9.12.4(react-dom@18.2.0)(react@18.2.0)
      rc-textarea: 1.6.3(react-dom@18.2.0)(react@18.2.0)
      rc-util: 5.38.2(react-dom@18.2.0)(react@18.2.0)
      react: 18.2.0
      react-dom: 18.2.0(react@18.2.0)
    dev: false

  /rc-menu@9.12.4(react-dom@18.2.0)(react@18.2.0):
    resolution: {integrity: sha512-t2NcvPLV1mFJzw4F21ojOoRVofK2rWhpKPx69q2raUsiHPDP6DDevsBILEYdsIegqBeSXoWs2bf6CueBKg3BFg==}
    peerDependencies:
      react: '>=16.9.0'
      react-dom: '>=16.9.0'
    dependencies:
      '@babel/runtime': 7.23.9
      '@rc-component/trigger': 1.18.3(react-dom@18.2.0)(react@18.2.0)
      classnames: 2.5.1
      rc-motion: 2.9.0(react-dom@18.2.0)(react@18.2.0)
      rc-overflow: 1.3.2(react-dom@18.2.0)(react@18.2.0)
      rc-util: 5.38.2(react-dom@18.2.0)(react@18.2.0)
      react: 18.2.0
      react-dom: 18.2.0(react@18.2.0)
    dev: false

  /rc-motion@2.9.0(react-dom@18.2.0)(react@18.2.0):
    resolution: {integrity: sha512-XIU2+xLkdIr1/h6ohPZXyPBMvOmuyFZQ/T0xnawz+Rh+gh4FINcnZmMT5UTIj6hgI0VLDjTaPeRd+smJeSPqiQ==}
    peerDependencies:
      react: '>=16.9.0'
      react-dom: '>=16.9.0'
    dependencies:
      '@babel/runtime': 7.23.9
      classnames: 2.5.1
      rc-util: 5.38.2(react-dom@18.2.0)(react@18.2.0)
      react: 18.2.0
      react-dom: 18.2.0(react@18.2.0)
    dev: false

  /rc-notification@5.3.0(react-dom@18.2.0)(react@18.2.0):
    resolution: {integrity: sha512-WCf0uCOkZ3HGfF0p1H4Sgt7aWfipxORWTPp7o6prA3vxwtWhtug3GfpYls1pnBp4WA+j8vGIi5c2/hQRpGzPcQ==}
    engines: {node: '>=8.x'}
    peerDependencies:
      react: '>=16.9.0'
      react-dom: '>=16.9.0'
    dependencies:
      '@babel/runtime': 7.23.9
      classnames: 2.5.1
      rc-motion: 2.9.0(react-dom@18.2.0)(react@18.2.0)
      rc-util: 5.38.2(react-dom@18.2.0)(react@18.2.0)
      react: 18.2.0
      react-dom: 18.2.0(react@18.2.0)
    dev: false

  /rc-overflow@1.3.2(react-dom@18.2.0)(react@18.2.0):
    resolution: {integrity: sha512-nsUm78jkYAoPygDAcGZeC2VwIg/IBGSodtOY3pMof4W3M9qRJgqaDYm03ZayHlde3I6ipliAxbN0RUcGf5KOzw==}
    peerDependencies:
      react: '>=16.9.0'
      react-dom: '>=16.9.0'
    dependencies:
      '@babel/runtime': 7.23.9
      classnames: 2.5.1
      rc-resize-observer: 1.4.0(react-dom@18.2.0)(react@18.2.0)
      rc-util: 5.38.2(react-dom@18.2.0)(react@18.2.0)
      react: 18.2.0
      react-dom: 18.2.0(react@18.2.0)
    dev: false

  /rc-pagination@4.0.4(react-dom@18.2.0)(react@18.2.0):
    resolution: {integrity: sha512-GGrLT4NgG6wgJpT/hHIpL9nELv27A1XbSZzECIuQBQTVSf4xGKxWr6I/jhpRPauYEWEbWVw22ObG6tJQqwJqWQ==}
    peerDependencies:
      react: '>=16.9.0'
      react-dom: '>=16.9.0'
    dependencies:
      '@babel/runtime': 7.23.9
      classnames: 2.5.1
      rc-util: 5.38.2(react-dom@18.2.0)(react@18.2.0)
      react: 18.2.0
      react-dom: 18.2.0(react@18.2.0)
    dev: false

  /rc-picker@4.1.1(dayjs@1.11.10)(react-dom@18.2.0)(react@18.2.0):
    resolution: {integrity: sha512-H99qaHUepHjHnAqMLiftJEATXRuHJZcUyFoRkyIqUvTHVGnx/uHxFFNm7QIu1valCpfwdsGWQxiWgn9CAxvlvA==}
    engines: {node: '>=8.x'}
    peerDependencies:
      date-fns: '>= 2.x'
      dayjs: '>= 1.x'
      luxon: '>= 3.x'
      moment: '>= 2.x'
      react: '>=16.9.0'
      react-dom: '>=16.9.0'
    peerDependenciesMeta:
      date-fns:
        optional: true
      dayjs:
        optional: true
      luxon:
        optional: true
      moment:
        optional: true
    dependencies:
      '@babel/runtime': 7.23.9
      '@rc-component/trigger': 1.18.3(react-dom@18.2.0)(react@18.2.0)
      classnames: 2.5.1
      dayjs: 1.11.10
      rc-overflow: 1.3.2(react-dom@18.2.0)(react@18.2.0)
      rc-resize-observer: 1.4.0(react-dom@18.2.0)(react@18.2.0)
      rc-util: 5.38.2(react-dom@18.2.0)(react@18.2.0)
      react: 18.2.0
      react-dom: 18.2.0(react@18.2.0)
    dev: false

  /rc-progress@3.5.1(react-dom@18.2.0)(react@18.2.0):
    resolution: {integrity: sha512-V6Amx6SbLRwPin/oD+k1vbPrO8+9Qf8zW1T8A7o83HdNafEVvAxPV5YsgtKFP+Ud5HghLj33zKOcEHrcrUGkfw==}
    peerDependencies:
      react: '>=16.9.0'
      react-dom: '>=16.9.0'
    dependencies:
      '@babel/runtime': 7.23.9
      classnames: 2.5.1
      rc-util: 5.38.2(react-dom@18.2.0)(react@18.2.0)
      react: 18.2.0
      react-dom: 18.2.0(react@18.2.0)
    dev: false

  /rc-rate@2.12.0(react-dom@18.2.0)(react@18.2.0):
    resolution: {integrity: sha512-g092v5iZCdVzbjdn28FzvWebK2IutoVoiTeqoLTj9WM7SjA/gOJIw5/JFZMRyJYYVe1jLAU2UhAfstIpCNRozg==}
    engines: {node: '>=8.x'}
    peerDependencies:
      react: '>=16.9.0'
      react-dom: '>=16.9.0'
    dependencies:
      '@babel/runtime': 7.23.9
      classnames: 2.5.1
      rc-util: 5.38.2(react-dom@18.2.0)(react@18.2.0)
      react: 18.2.0
      react-dom: 18.2.0(react@18.2.0)
    dev: false

  /rc-resize-observer@1.4.0(react-dom@18.2.0)(react@18.2.0):
    resolution: {integrity: sha512-PnMVyRid9JLxFavTjeDXEXo65HCRqbmLBw9xX9gfC4BZiSzbLXKzW3jPz+J0P71pLbD5tBMTT+mkstV5gD0c9Q==}
    peerDependencies:
      react: '>=16.9.0'
      react-dom: '>=16.9.0'
    dependencies:
      '@babel/runtime': 7.23.9
      classnames: 2.5.1
      rc-util: 5.38.2(react-dom@18.2.0)(react@18.2.0)
      react: 18.2.0
      react-dom: 18.2.0(react@18.2.0)
      resize-observer-polyfill: 1.5.1
    dev: false

  /rc-segmented@2.3.0(react-dom@18.2.0)(react@18.2.0):
    resolution: {integrity: sha512-I3FtM5Smua/ESXutFfb8gJ8ZPcvFR+qUgeeGFQHBOvRiRKyAk4aBE5nfqrxXx+h8/vn60DQjOt6i4RNtrbOobg==}
    peerDependencies:
      react: '>=16.0.0'
      react-dom: '>=16.0.0'
    dependencies:
      '@babel/runtime': 7.23.9
      classnames: 2.5.1
      rc-motion: 2.9.0(react-dom@18.2.0)(react@18.2.0)
      rc-util: 5.38.2(react-dom@18.2.0)(react@18.2.0)
      react: 18.2.0
      react-dom: 18.2.0(react@18.2.0)
    dev: false

  /rc-select@14.11.0(react-dom@18.2.0)(react@18.2.0):
    resolution: {integrity: sha512-8J8G/7duaGjFiTXCBLWfh5P+KDWyA3KTlZDfV3xj/asMPqB2cmxfM+lH50wRiPIRsCQ6EbkCFBccPuaje3DHIg==}
    engines: {node: '>=8.x'}
    peerDependencies:
      react: '*'
      react-dom: '*'
    dependencies:
      '@babel/runtime': 7.23.9
      '@rc-component/trigger': 1.18.3(react-dom@18.2.0)(react@18.2.0)
      classnames: 2.5.1
      rc-motion: 2.9.0(react-dom@18.2.0)(react@18.2.0)
      rc-overflow: 1.3.2(react-dom@18.2.0)(react@18.2.0)
      rc-util: 5.38.2(react-dom@18.2.0)(react@18.2.0)
      rc-virtual-list: 3.11.4(react-dom@18.2.0)(react@18.2.0)
      react: 18.2.0
      react-dom: 18.2.0(react@18.2.0)
    dev: false

  /rc-slider@10.5.0(react-dom@18.2.0)(react@18.2.0):
    resolution: {integrity: sha512-xiYght50cvoODZYI43v3Ylsqiw14+D7ELsgzR40boDZaya1HFa1Etnv9MDkQE8X/UrXAffwv2AcNAhslgYuDTw==}
    engines: {node: '>=8.x'}
    peerDependencies:
      react: '>=16.9.0'
      react-dom: '>=16.9.0'
    dependencies:
      '@babel/runtime': 7.23.9
      classnames: 2.5.1
      rc-util: 5.38.2(react-dom@18.2.0)(react@18.2.0)
      react: 18.2.0
      react-dom: 18.2.0(react@18.2.0)
    dev: false

  /rc-steps@6.0.1(react-dom@18.2.0)(react@18.2.0):
    resolution: {integrity: sha512-lKHL+Sny0SeHkQKKDJlAjV5oZ8DwCdS2hFhAkIjuQt1/pB81M0cA0ErVFdHq9+jmPmFw1vJB2F5NBzFXLJxV+g==}
    engines: {node: '>=8.x'}
    peerDependencies:
      react: '>=16.9.0'
      react-dom: '>=16.9.0'
    dependencies:
      '@babel/runtime': 7.23.9
      classnames: 2.5.1
      rc-util: 5.38.2(react-dom@18.2.0)(react@18.2.0)
      react: 18.2.0
      react-dom: 18.2.0(react@18.2.0)
    dev: false

  /rc-switch@4.1.0(react-dom@18.2.0)(react@18.2.0):
    resolution: {integrity: sha512-TI8ufP2Az9oEbvyCeVE4+90PDSljGyuwix3fV58p7HV2o4wBnVToEyomJRVyTaZeqNPAp+vqeo4Wnj5u0ZZQBg==}
    peerDependencies:
      react: '>=16.9.0'
      react-dom: '>=16.9.0'
    dependencies:
      '@babel/runtime': 7.23.9
      classnames: 2.5.1
      rc-util: 5.38.2(react-dom@18.2.0)(react@18.2.0)
      react: 18.2.0
      react-dom: 18.2.0(react@18.2.0)
    dev: false

  /rc-table@7.39.0(react-dom@18.2.0)(react@18.2.0):
    resolution: {integrity: sha512-7fHLMNsm/2DlGwyIMkdH2xIeRzb5I69bLsFaEVtX+gqmGhByy0wtOAgHkiOew3PtXozSJyh+iXifjLgQzWdczw==}
    engines: {node: '>=8.x'}
    peerDependencies:
      react: '>=16.9.0'
      react-dom: '>=16.9.0'
    dependencies:
      '@babel/runtime': 7.23.9
      '@rc-component/context': 1.4.0(react-dom@18.2.0)(react@18.2.0)
      classnames: 2.5.1
      rc-resize-observer: 1.4.0(react-dom@18.2.0)(react@18.2.0)
      rc-util: 5.38.2(react-dom@18.2.0)(react@18.2.0)
      rc-virtual-list: 3.11.4(react-dom@18.2.0)(react@18.2.0)
      react: 18.2.0
      react-dom: 18.2.0(react@18.2.0)
    dev: false

  /rc-tabs@14.0.0(react-dom@18.2.0)(react@18.2.0):
    resolution: {integrity: sha512-lp1YWkaPnjlyhOZCPrAWxK6/P6nMGX/BAZcAC3nuVwKz0Byfp+vNnQKK8BRCP2g/fzu+SeB5dm9aUigRu3tRkQ==}
    engines: {node: '>=8.x'}
    peerDependencies:
      react: '>=16.9.0'
      react-dom: '>=16.9.0'
    dependencies:
      '@babel/runtime': 7.23.9
      classnames: 2.5.1
      rc-dropdown: 4.1.0(react-dom@18.2.0)(react@18.2.0)
      rc-menu: 9.12.4(react-dom@18.2.0)(react@18.2.0)
      rc-motion: 2.9.0(react-dom@18.2.0)(react@18.2.0)
      rc-resize-observer: 1.4.0(react-dom@18.2.0)(react@18.2.0)
      rc-util: 5.38.2(react-dom@18.2.0)(react@18.2.0)
      react: 18.2.0
      react-dom: 18.2.0(react@18.2.0)
    dev: false

  /rc-textarea@1.6.3(react-dom@18.2.0)(react@18.2.0):
    resolution: {integrity: sha512-8k7+8Y2GJ/cQLiClFMg8kUXOOdvcFQrnGeSchOvI2ZMIVvX5a3zQpLxoODL0HTrvU63fPkRmMuqaEcOF9dQemA==}
    peerDependencies:
      react: '>=16.9.0'
      react-dom: '>=16.9.0'
    dependencies:
      '@babel/runtime': 7.23.9
      classnames: 2.5.1
      rc-input: 1.4.3(react-dom@18.2.0)(react@18.2.0)
      rc-resize-observer: 1.4.0(react-dom@18.2.0)(react@18.2.0)
      rc-util: 5.38.2(react-dom@18.2.0)(react@18.2.0)
      react: 18.2.0
      react-dom: 18.2.0(react@18.2.0)
    dev: false

  /rc-tooltip@6.1.3(react-dom@18.2.0)(react@18.2.0):
    resolution: {integrity: sha512-HMSbSs5oieZ7XddtINUddBLSVgsnlaSb3bZrzzGWjXa7/B7nNedmsuz72s7EWFEro9mNa7RyF3gOXKYqvJiTcQ==}
    peerDependencies:
      react: '>=16.9.0'
      react-dom: '>=16.9.0'
    dependencies:
      '@babel/runtime': 7.23.9
      '@rc-component/trigger': 1.18.3(react-dom@18.2.0)(react@18.2.0)
      classnames: 2.5.1
      react: 18.2.0
      react-dom: 18.2.0(react@18.2.0)
    dev: false

  /rc-tree-select@5.17.0(react-dom@18.2.0)(react@18.2.0):
    resolution: {integrity: sha512-7sRGafswBhf7n6IuHyCEFCildwQIgyKiV8zfYyUoWfZEFdhuk7lCH+DN0aHt+oJrdiY9+6Io/LDXloGe01O8XQ==}
    peerDependencies:
      react: '*'
      react-dom: '*'
    dependencies:
      '@babel/runtime': 7.23.9
      classnames: 2.5.1
      rc-select: 14.11.0(react-dom@18.2.0)(react@18.2.0)
      rc-tree: 5.8.5(react-dom@18.2.0)(react@18.2.0)
      rc-util: 5.38.2(react-dom@18.2.0)(react@18.2.0)
      react: 18.2.0
      react-dom: 18.2.0(react@18.2.0)
    dev: false

  /rc-tree@5.8.5(react-dom@18.2.0)(react@18.2.0):
    resolution: {integrity: sha512-PRfcZtVDNkR7oh26RuNe1hpw11c1wfgzwmPFL0lnxGnYefe9lDAO6cg5wJKIAwyXFVt5zHgpjYmaz0CPy1ZtKg==}
    engines: {node: '>=10.x'}
    peerDependencies:
      react: '*'
      react-dom: '*'
    dependencies:
      '@babel/runtime': 7.23.9
      classnames: 2.5.1
      rc-motion: 2.9.0(react-dom@18.2.0)(react@18.2.0)
      rc-util: 5.38.2(react-dom@18.2.0)(react@18.2.0)
      rc-virtual-list: 3.11.4(react-dom@18.2.0)(react@18.2.0)
      react: 18.2.0
      react-dom: 18.2.0(react@18.2.0)
    dev: false

  /rc-upload@4.5.2(react-dom@18.2.0)(react@18.2.0):
    resolution: {integrity: sha512-QO3ne77DwnAPKFn0bA5qJM81QBjQi0e0NHdkvpFyY73Bea2NfITiotqJqVjHgeYPOJu5lLVR32TNGP084aSoXA==}
    peerDependencies:
      react: '>=16.9.0'
      react-dom: '>=16.9.0'
    dependencies:
      '@babel/runtime': 7.23.9
      classnames: 2.5.1
      rc-util: 5.38.2(react-dom@18.2.0)(react@18.2.0)
      react: 18.2.0
      react-dom: 18.2.0(react@18.2.0)
    dev: false

  /rc-util@5.38.2(react-dom@18.2.0)(react@18.2.0):
    resolution: {integrity: sha512-yRGRPKyi84H7NkRSP6FzEIYBdUt4ufdsmXUZ7qM2H5qoByPax70NnGPkfo36N+UKUnUBj2f2Q2eUbwYMuAsIOQ==}
    peerDependencies:
      react: '>=16.9.0'
      react-dom: '>=16.9.0'
    dependencies:
      '@babel/runtime': 7.23.9
      react: 18.2.0
      react-dom: 18.2.0(react@18.2.0)
      react-is: 18.2.0
    dev: false

  /rc-virtual-list@3.11.4(react-dom@18.2.0)(react@18.2.0):
    resolution: {integrity: sha512-NbBi0fvyIu26gP69nQBiWgUMTPX3mr4FcuBQiVqagU0BnuX8WQkiivnMs105JROeuUIFczLrlgUhLQwTWV1XDA==}
    engines: {node: '>=8.x'}
    peerDependencies:
      react: '>=16.9.0'
      react-dom: '>=16.9.0'
    dependencies:
      '@babel/runtime': 7.23.9
      classnames: 2.5.1
      rc-resize-observer: 1.4.0(react-dom@18.2.0)(react@18.2.0)
      rc-util: 5.38.2(react-dom@18.2.0)(react@18.2.0)
      react: 18.2.0
      react-dom: 18.2.0(react@18.2.0)
    dev: false

  /react-dom@18.2.0(react@18.2.0):
    resolution: {integrity: sha512-6IMTriUmvsjHUjNtEDudZfuDQUoWXVxKHhlEGSk81n4YFS+r/Kl99wXiwlVXtPBtJenozv2P+hxDsw9eA7Xo6g==}
    peerDependencies:
      react: ^18.2.0
    dependencies:
      loose-envify: 1.4.0
      react: 18.2.0
      scheduler: 0.23.0
    dev: false

  /react-is@18.2.0:
    resolution: {integrity: sha512-xWGDIW6x921xtzPkhiULtthJHoJvBbF3q26fzloPCK0hsvxtPVelvftw3zjbHWSkR2km9Z+4uxbDDK/6Zw9B8w==}
    dev: false

  /react@18.2.0:
    resolution: {integrity: sha512-/3IjMdb2L9QbBdWiW5e3P2/npwMBaU9mHCSCUzNln0ZCYbcfTsGbTJrU/kGemdH2IWmB2ioZ+zkxtmq6g09fGQ==}
    engines: {node: '>=0.10.0'}
    dependencies:
      loose-envify: 1.4.0
    dev: false

  /regenerator-runtime@0.14.1:
    resolution: {integrity: sha512-dYnhHh0nJoMfnkZs6GmmhFknAGRrLznOu5nc9ML+EJxGvrx6H7teuevqVqCuPcPK//3eDrrjQhehXVx9cnkGdw==}
    dev: false

  /resize-observer-polyfill@1.5.1:
    resolution: {integrity: sha512-LwZrotdHOo12nQuZlHEmtuXdqGoOD0OhaxopaNFxWzInpEgaLWoVuAMbTzixuosCx2nEG58ngzW3vxdWoxIgdg==}
    dev: false

  /rimraf@5.0.5:
    resolution: {integrity: sha512-CqDakW+hMe/Bz202FPEymy68P+G50RfMQK+Qo5YUqc9SPipvbGjCGKd0RSKEelbsfQuw3g5NZDSrlZZAJurH1A==}
    engines: {node: '>=14'}
    hasBin: true
    dependencies:
      glob: 10.3.10
    dev: true

  /scheduler@0.23.0:
    resolution: {integrity: sha512-CtuThmgHNg7zIZWAXi3AsyIzA3n4xx7aNyjwC2VJldO2LMVDhFK+63xGqq6CsJH4rTAt6/M+N4GhZiDYPx9eUw==}
    dependencies:
      loose-envify: 1.4.0
    dev: false

  /scroll-into-view-if-needed@3.1.0:
    resolution: {integrity: sha512-49oNpRjWRvnU8NyGVmUaYG4jtTkNonFZI86MmGRDqBphEK2EXT9gdEUoQPZhuBM8yWHxCWbobltqYO5M4XrUvQ==}
    dependencies:
      compute-scroll-into-view: 3.1.0
    dev: false

  /shebang-command@2.0.0:
    resolution: {integrity: sha512-kHxr2zZpYtdmrN1qDjrrX/Z1rR1kG8Dx+gkpK1G4eXmvXswmcE1hTWBWYUzlraYw1/yZp6YuDY77YtvbN0dmDA==}
    engines: {node: '>=8'}
    dependencies:
      shebang-regex: 3.0.0
    dev: true

  /shebang-regex@3.0.0:
    resolution: {integrity: sha512-7++dFhtcx3353uBaq8DDR4NuxBetBzC7ZQOhmTQInHEd6bSrXdiEyzCvG07Z44UYdLShWUyXt5M/yhz8ekcb1A==}
    engines: {node: '>=8'}
    dev: true

  /signal-exit@4.1.0:
    resolution: {integrity: sha512-bzyZ1e88w9O1iNJbKnOlvYTrWPDl46O1bG0D3XInv+9tkPrxrN8jUUTiFlDkkmKWgn1M6CfIA13SuGqOa9Korw==}
    engines: {node: '>=14'}
    dev: true

  /string-convert@0.2.1:
    resolution: {integrity: sha512-u/1tdPl4yQnPBjnVrmdLo9gtuLvELKsAoRapekWggdiQNvvvum+jYF329d84NAa660KQw7pB2n36KrIKVoXa3A==}
    dev: false

  /string-width@4.2.3:
    resolution: {integrity: sha512-wKyQRQpjJ0sIp62ErSZdGsjMJWsap5oRNihHhu6G7JVO/9jIB6UyevL+tXuOqrng8j/cxKTWyWUwvSTriiZz/g==}
    engines: {node: '>=8'}
    dependencies:
      emoji-regex: 8.0.0
      is-fullwidth-code-point: 3.0.0
      strip-ansi: 6.0.1
    dev: true

  /string-width@5.1.2:
    resolution: {integrity: sha512-HnLOCR3vjcY8beoNLtcjZ5/nxn2afmME6lhrDrebokqMap+XbeW8n9TXpPDOqdGK5qcI3oT0GKTW6wC7EMiVqA==}
    engines: {node: '>=12'}
    dependencies:
      eastasianwidth: 0.2.0
      emoji-regex: 9.2.2
      strip-ansi: 7.1.0
    dev: true

  /strip-ansi@6.0.1:
    resolution: {integrity: sha512-Y38VPSHcqkFrCpFnQ9vuSXmquuv5oXOKpGeT6aGrr3o3Gc9AlVa6JBfUSOCnbxGGZF+/0ooI7KrPuUSztUdU5A==}
    engines: {node: '>=8'}
    dependencies:
      ansi-regex: 5.0.1
    dev: true

  /strip-ansi@7.1.0:
    resolution: {integrity: sha512-iq6eVVI64nQQTRYq2KtEg2d2uU7LElhTJwsH4YzIHZshxlgZms/wIc4VoDQTlG/IvVIrBKG06CrZnp0qv7hkcQ==}
    engines: {node: '>=12'}
    dependencies:
      ansi-regex: 6.0.1
    dev: true

  /stylis@4.3.1:
    resolution: {integrity: sha512-EQepAV+wMsIaGVGX1RECzgrcqRRU/0sYOHkeLsZ3fzHaHXZy4DaOOX0vOlGQdlsjkh3mFHAIlVimpwAs4dslyQ==}
    dev: false

  /throttle-debounce@5.0.0:
    resolution: {integrity: sha512-2iQTSgkkc1Zyk0MeVrt/3BvuOXYPl/R8Z0U2xxo9rjwNciaHDG3R+Lm6dh4EeUci49DanvBnuqI6jshoQQRGEg==}
    engines: {node: '>=12.22'}
    dev: false

  /toggle-selection@1.0.6:
    resolution: {integrity: sha512-BiZS+C1OS8g/q2RRbJmy59xpyghNBqrr6k5L/uKBGRsTfxmu3ffiRnd8mlGPUVayg8pvfi5urfnu8TU7DVOkLQ==}
    dev: false

  /typescript@5.3.3:
    resolution: {integrity: sha512-pXWcraxM0uxAS+tN0AG/BF2TyqmHO014Z070UsJ+pFvYuRSq8KH8DmWpnbXe0pEPDHXZV3FcAbJkijJ5oNEnWw==}
    engines: {node: '>=14.17'}
    hasBin: true
    dev: true

  /which@2.0.2:
    resolution: {integrity: sha512-BLI3Tl1TW3Pvl70l3yq3Y64i+awpwXqsGBYWkkqMtnbXgrMD+yj7rhW0kuEDxzJaYXGjEW5ogapKNMEKNMjibA==}
    engines: {node: '>= 8'}
    hasBin: true
    dependencies:
      isexe: 2.0.0
    dev: true

  /wrap-ansi@7.0.0:
    resolution: {integrity: sha512-YVGIj2kamLSTxw6NsZjoBxfSwsn0ycdesmc4p+Q21c5zPuZ1pl+NfxVdxPtdHvmNVOQ6XSYG4AUtyt/Fi7D16Q==}
    engines: {node: '>=10'}
    dependencies:
      ansi-styles: 4.3.0
      string-width: 4.2.3
      strip-ansi: 6.0.1
    dev: true

  /wrap-ansi@8.1.0:
    resolution: {integrity: sha512-si7QWI6zUMq56bESFvagtmzMdGOtoxfR+Sez11Mobfc7tm+VkUckk9bW2UeffTGVUbOksxmSw0AA2gs8g71NCQ==}
    engines: {node: '>=12'}
    dependencies:
      ansi-styles: 6.2.1
      string-width: 5.1.2
      strip-ansi: 7.1.0
    dev: true
